
Microsoft Visual Studio Solution File, Format Version 12.00
# Visual Studio Version 17
VisualStudioVersion = 17.14.36221.1
MinimumVisualStudioVersion = 10.0.40219.1
Project("{FAE04EC0-301F-11D3-BF4B-00C04F79EFBC}") = "FlyEasy.Api", "FlyEasy.Api\FlyEasy.Api.csproj", "{CF5B3576-BEFB-4447-AFED-79CF190A490E}"
EndProject
Project("{FAE04EC0-301F-11D3-BF4B-00C04F79EFBC}") = "FlyEasy.Tests", "FlyEasy.Tests\FlyEasy.Tests.csproj", "{CAF60296-F4CA-413F-8FD3-5178E4B38CA4}"
EndProject
Global
	GlobalSection(SolutionConfigurationPlatforms) = preSolution
		Debug|Any CPU = Debug|Any CPU
		Release|Any CPU = Release|Any CPU
	EndGlobalSection
	GlobalSection(ProjectConfigurationPlatforms) = postSolution
		{CF5B3576-BEFB-4447-AFED-79CF190A490E}.Debug|Any CPU.ActiveCfg = Debug|Any CPU
		{CF5B3576-BEFB-4447-AFED-79CF190A490E}.Debug|Any CPU.Build.0 = Debug|Any CPU
		{CF5B3576-BEFB-4447-AFED-79CF190A490E}.Release|Any CPU.ActiveCfg = Release|Any CPU
		{CF5B3576-BEFB-4447-AFED-79CF190A490E}.Release|Any CPU.Build.0 = Release|Any CPU
		{CAF60296-F4CA-413F-8FD3-5178E4B38CA4}.Debug|Any CPU.ActiveCfg = Debug|Any CPU
		{CAF60296-F4CA-413F-8FD3-5178E4B38CA4}.Debug|Any CPU.Build.0 = Debug|Any CPU
		{CAF60296-F4CA-413F-8FD3-5178E4B38CA4}.Release|Any CPU.ActiveCfg = Release|Any CPU
		{CAF60296-F4CA-413F-8FD3-5178E4B38CA4}.Release|Any CPU.Build.0 = Release|Any CPU
	EndGlobalSection
	GlobalSection(SolutionProperties) = preSolution
		HideSolutionNode = FALSE
	EndGlobalSection
	GlobalSection(ExtensibilityGlobals) = postSolution
		SolutionGuid = {59D8E650-4719-4FEF-B5D8-072B1F1FE035}
	EndGlobalSection
EndGlobal
